
Microsoft Visual Studio Solution File, Format Version 12.00
# Visual Studio Version 16
VisualStudioVersion = 16.0.30011.22
MinimumVisualStudioVersion = 10.0.40219.1
Project("{FAE04EC0-301F-11D3-BF4B-00C04F79EFBC}") = "CodeQL-Demo", "CodeQL-Demo.csproj", "{51E842F5-BADE-4239-B148-88E47DD4567B}"
EndProject
Global
	GlobalSection(SolutionConfigurationPlatforms) = preSolution
		Debug|Any CPU = Debug|Any CPU
		Release|Any CPU = Release|Any CPU
	EndGlobalSection
	GlobalSection(ProjectConfigurationPlatforms) = postSolution
		{51E842F5-BADE-4239-B148-88E47DD4567B}.Debug|Any CPU.ActiveCfg = Debug|Any CPU
		{51E842F5-BADE-4239-B148-88E47DD4567B}.Debug|Any CPU.Build.0 = Debug|Any CPU
		{51E842F5-BADE-4239-B148-88E47DD4567B}.Release|Any CPU.ActiveCfg = Release|Any CPU
		{51E842F5-BADE-4239-B148-88E47DD4567B}.Release|Any CPU.Build.0 = Release|Any CPU
	EndGlobalSection
	GlobalSection(SolutionProperties) = preSolution
		HideSolutionNode = FALSE
	EndGlobalSection
	GlobalSection(ExtensibilityGlobals) = postSolution
		SolutionGuid = {E210A459-E3A9-4512-9F2E-471BB6051061}
	EndGlobalSection
EndGlobal
